
Microsoft Visual Studio Solution File, Format Version 10.00
# Visual Studio 2008
Project("{FAE04EC0-301F-11D3-BF4B-00C04F79EFBC}") = "NavigationDemo", "NavigationDemo\NavigationDemo.csproj", "{0FCB6AAA-BD55-4AC4-89F9-AF6859E5D888}"
EndProject
Project("{FAE04EC0-301F-11D3-BF4B-00C04F79EFBC}") = "testUnit", "testUnit\testUnit.csproj", "{0D69FAC4-F26E-448F-9B4B-A71BA670044B}"
EndProject
Global
	GlobalSection(SolutionConfigurationPlatforms) = preSolution
		Debug|Any CPU = Debug|Any CPU
		Release|Any CPU = Release|Any CPU
	EndGlobalSection
	GlobalSection(ProjectConfigurationPlatforms) = postSolution
		{0FCB6AAA-BD55-4AC4-89F9-AF6859E5D888}.Debug|Any CPU.ActiveCfg = Debug|Any CPU
		{0FCB6AAA-BD55-4AC4-89F9-AF6859E5D888}.Debug|Any CPU.Build.0 = Debug|Any CPU
		{0FCB6AAA-BD55-4AC4-89F9-AF6859E5D888}.Release|Any CPU.ActiveCfg = Release|Any CPU
		{0FCB6AAA-BD55-4AC4-89F9-AF6859E5D888}.Release|Any CPU.Build.0 = Release|Any CPU
		{0D69FAC4-F26E-448F-9B4B-A71BA670044B}.Debug|Any CPU.ActiveCfg = Debug|Any CPU
		{0D69FAC4-F26E-448F-9B4B-A71BA670044B}.Debug|Any CPU.Build.0 = Debug|Any CPU
		{0D69FAC4-F26E-448F-9B4B-A71BA670044B}.Release|Any CPU.ActiveCfg = Release|Any CPU
		{0D69FAC4-F26E-448F-9B4B-A71BA670044B}.Release|Any CPU.Build.0 = Release|Any CPU
	EndGlobalSection
	GlobalSection(SolutionProperties) = preSolution
		HideSolutionNode = FALSE
	EndGlobalSection
EndGlobal
